// !$*UTF8*$!
{
	archiveVersion = 1;
	classes = {
	};
	objectVersion = 77;
	objects = {

/* Begin PBXContainerItemProxy section */
		874220AC2E60FFA1006D9246 /* PBXContainerItemProxy */ = {
			isa = PBXContainerItemProxy;
			containerPortal = 874220932E60FF9D006D9246 /* Project object */;
			proxyType = 1;
			remoteGlobalIDString = 8742209A2E60FF9D006D9246;
			remoteInfo = ENVHealth;
		};
		874220B62E60FFA2006D9246 /* PBXContainerItemProxy */ = {
			isa = PBXContainerItemProxy;
			containerPortal = 874220932E60FF9D006D9246 /* Project object */;
			proxyType = 1;
			remoteGlobalIDString = 8742209A2E60FF9D006D9246;
			remoteInfo = ENVHealth;
		};
/* End PBXContainerItemProxy section */

/* Begin PBXFileReference section */
		8742209B2E60FF9D006D9246 /* ENVHealth.app */ = {isa = PBXFileReference; explicitFileType = wrapper.application; includeInIndex = 0; path = ENVHealth.app; sourceTree = BUILT_PRODUCTS_DIR; };
		8742209E2E60FF9D006D9246 /* Info.plist */ = {isa = PBXFileReference; lastKnownFileType = text.plist.xml; path = Info.plist; sourceTree = "<group>"; };
		8742209F2E60FF9D006D9246 /* ContentView.swift */ = {isa = PBXFileReference; lastKnownFileType = sourcecode.swift; path = ContentView.swift; sourceTree = "<group>"; };
		874220A02E60FF9D006D9246 /* ENVHealthApp.swift */ = {isa = PBXFileReference; lastKnownFileType = sourcecode.swift; path = ENVHealthApp.swift; sourceTree = "<group>"; };
		874220A12E60FF9D006D9246 /* ENVHealth.entitlements */ = {isa = PBXFileReference; lastKnownFileType = text.plist.entitlements; path = ENVHealth.entitlements; sourceTree = "<group>"; };
		874220A22E60FF9D006D9246 /* Assets.xcassets */ = {isa = PBXFileReference; lastKnownFileType = folder.assetcatalog; path = Assets.xcassets; sourceTree = "<group>"; };
		874220AB2E60FFA1006D9246 /* ENVHealthTests.xctest */ = {isa = PBXFileReference; explicitFileType = wrapper.cfbundle; includeInIndex = 0; path = ENVHealthTests.xctest; sourceTree = BUILT_PRODUCTS_DIR; };
		874220B52E60FFA2006D9246 /* ENVHealthUITests.xctest */ = {isa = PBXFileReference; explicitFileType = wrapper.cfbundle; includeInIndex = 0; path = ENVHealthUITests.xctest; sourceTree = BUILT_PRODUCTS_DIR; };
/* End PBXFileReference section */

/* Begin PBXBuildFile section */
		874220A32E60FF9D006D9246 /* ContentView.swift in Sources */ = {isa = PBXBuildFile; fileRef = 8742209F2E60FF9D006D9246 /* ContentView.swift */; };
		874220A42E60FF9D006D9246 /* ENVHealthApp.swift in Sources */ = {isa = PBXBuildFile; fileRef = 874220A02E60FF9D006D9246 /* ENVHealthApp.swift */; };
		874220A52E60FF9D006D9246 /* Assets.xcassets in Resources */ = {isa = PBXBuildFile; fileRef = 874220A22E60FF9D006D9246 /* Assets.xcassets */; };
/* End PBXBuildFile section */

/* Begin PBXFileSystemSynchronizedRootGroup section */
		8742209D2E60FF9D006D9246 /* ENVHealth */ = {
			isa = PBXGroup;
			children = (
				8742209E2E60FF9D006D9246 /* Info.plist */,
				8742209F2E60FF9D006D9246 /* ContentView.swift */,
				874220A02E60FF9D006D9246 /* ENVHealthApp.swift */,
				874220A12E60FF9D006D9246 /* ENVHealth.entitlements */,
				874220A22E60FF9D006D9246 /* Assets.xcassets */,
			);
			path = ENVHealth;
			sourceTree = "<group>";
		};
		874220AE2E60FFA2006D9246 /* ENVHealthTests */ = {
			isa = PBXFileSystemSynchronizedRootGroup;
			path = ENVHealthTests;
			sourceTree = "<group>";
		};
		874220B82E60FFA2006D9246 /* ENVHealthUITests */ = {
			isa = PBXFileSystemSynchronizedRootGroup;
			path = ENVHealthUITests;
			sourceTree = "<group>";
		};
/* End PBXFileSystemSynchronizedRootGroup section */

/* Begin PBXFrameworksBuildPhase section */
		874220982E60FF9D006D9246 /* Frameworks */ = {
			isa = PBXFrameworksBuildPhase;
			buildActionMask = 2147483647;
			files = (
			);
			runOnlyForDeploymentPostprocessing = 0;
		};
		874220A82E60FFA1006D9246 /* Frameworks */ = {
			isa = PBXFrameworksBuildPhase;
			buildActionMask = 2147483647;
			files = (
			);
			runOnlyForDeploymentPostprocessing = 0;
		};
		874220B22E60FFA2006D9246 /* Frameworks */ = {
			isa = PBXFrameworksBuildPhase;
			buildActionMask = 2147483647;
			files = (
			);
			runOnlyForDeploymentPostprocessing = 0;
		};
/* End PBXFrameworksBuildPhase section */

/* Begin PBXGroup section */
		874220922E60FF9D006D9246 = {
			isa = PBXGroup;
			children = (
				8742209D2E60FF9D006D9246 /* ENVHealth */,
				874220AE2E60FFA2006D9246 /* ENVHealthTests */,
				874220B82E60FFA2006D9246 /* ENVHealthUITests */,
				8742209C2E60FF9D006D9246 /* Products */,
			);
			sourceTree = "<group>";
		};
		8742209C2E60FF9D006D9246 /* Products */ = {
			isa = PBXGroup;
			children = (
				8742209B2E60FF9D006D9246 /* ENVHealth.app */,
				874220AB2E60FFA1006D9246 /* ENVHealthTests.xctest */,
				874220B52E60FFA2006D9246 /* ENVHealthUITests.xctest */,
			);
			name = Products;
			sourceTree = "<group>";
		};
/* End PBXGroup section */

/* Begin PBXNativeTarget section */
		8742209A2E60FF9D006D9246 /* ENVHealth */ = {
			isa = PBXNativeTarget;
			buildConfigurationList = 874220BF2E60FFA2006D9246 /* Build configuration list for PBXNativeTarget "ENVHealth" */;
			buildPhases = (
				874220972E60FF9D006D9246 /* Sources */,
				874220982E60FF9D006D9246 /* Frameworks */,
				874220992E60FF9D006D9246 /* Resources */,
			);
			buildRules = (
			);
			dependencies = (
			);

			name = ENVHealth;
			packageProductDependencies = (
			);
			productName = ENVHealth;
			productReference = 8742209B2E60FF9D006D9246 /* ENVHealth.app */;
			productType = "com.apple.product-type.application";
		};
		874220AA2E60FFA1006D9246 /* ENVHealthTests */ = {
			isa = PBXNativeTarget;
			buildConfigurationList = 874220C22E60FFA2006D9246 /* Build configuration list for PBXNativeTarget "ENVHealthTests" */;
			buildPhases = (
				874220A72E60FFA1006D9246 /* Sources */,
				874220A82E60FFA1006D9246 /* Frameworks */,
				874220A92E60FFA1006D9246 /* Resources */,
			);
			buildRules = (
			);
			dependencies = (
				874220AD2E60FFA1006D9246 /* PBXTargetDependency */,
			);
			fileSystemSynchronizedGroups = (
				874220AE2E60FFA2006D9246 /* ENVHealthTests */,
			);
			name = ENVHealthTests;
			packageProductDependencies = (
			);
			productName = ENVHealthTests;
			productReference = 874220AB2E60FFA1006D9246 /* ENVHealthTests.xctest */;
			productType = "com.apple.product-type.bundle.unit-test";
		};
		874220B42E60FFA2006D9246 /* ENVHealthUITests */ = {
			isa = PBXNativeTarget;
			buildConfigurationList = 874220C52E60FFA2006D9246 /* Build configuration list for PBXNativeTarget "ENVHealthUITests" */;
			buildPhases = (
				874220B12E60FFA2006D9246 /* Sources */,
				874220B22E60FFA2006D9246 /* Frameworks */,
				874220B32E60FFA2006D9246 /* Resources */,
			);
			buildRules = (
			);
			dependencies = (
				874220B72E60FFA2006D9246 /* PBXTargetDependency */,
			);
			fileSystemSynchronizedGroups = (
				874220B82E60FFA2006D9246 /* ENVHealthUITests */,
			);
			name = ENVHealthUITests;
			packageProductDependencies = (
			);
			productName = ENVHealthUITests;
			productReference = 874220B52E60FFA2006D9246 /* ENVHealthUITests.xctest */;
			productType = "com.apple.product-type.bundle.ui-testing";
		};
/* End PBXNativeTarget section */

/* Begin PBXProject section */
		874220932E60FF9D006D9246 /* Project object */ = {
			isa = PBXProject;
			attributes = {
				BuildIndependentTargetsInParallel = 1;
				LastSwiftUpdateCheck = 1640;
				LastUpgradeCheck = 1640;
				TargetAttributes = {
					8742209A2E60FF9D006D9246 = {
						CreatedOnToolsVersion = 16.4;
					};
					874220AA2E60FFA1006D9246 = {
						CreatedOnToolsVersion = 16.4;
						TestTargetID = 8742209A2E60FF9D006D9246;
					};
					874220B42E60FFA2006D9246 = {
						CreatedOnToolsVersion = 16.4;
						TestTargetID = 8742209A2E60FF9D006D9246;
					};
				};
			};
			buildConfigurationList = 874220962E60FF9D006D9246 /* Build configuration list for PBXProject "ENVHealth" */;
			developmentRegion = en;
			hasScannedForEncodings = 0;
			knownRegions = (
				en,
				Base,
			);
			mainGroup = 874220922E60FF9D006D9246;
			minimizedProjectReferenceProxies = 1;
			preferredProjectObjectVersion = 77;
			productRefGroup = 8742209C2E60FF9D006D9246 /* Products */;
			projectDirPath = "";
			projectRoot = "";
			targets = (
				8742209A2E60FF9D006D9246 /* ENVHealth */,
				874220AA2E60FFA1006D9246 /* ENVHealthTests */,
				874220B42E60FFA2006D9246 /* ENVHealthUITests */,
			);
		};
/* End PBXProject section */

/* Begin PBXResourcesBuildPhase section */
		874220992E60FF9D006D9246 /* Resources */ = {
			isa = PBXResourcesBuildPhase;
			buildActionMask = 2147483647;
			files = (
				874220A52E60FF9D006D9246 /* Assets.xcassets in Resources */,
			);
			runOnlyForDeploymentPostprocessing = 0;
		};
		874220A92E60FFA1006D9246 /* Resources */ = {
			isa = PBXResourcesBuildPhase;
			buildActionMask = 2147483647;
			files = (
			);
			runOnlyForDeploymentPostprocessing = 0;
		};
		874220B32E60FFA2006D9246 /* Resources */ = {
			isa = PBXResourcesBuildPhase;
			buildActionMask = 2147483647;
			files = (
			);
			runOnlyForDeploymentPostprocessing = 0;
		};
/* End PBXResourcesBuildPhase section */

/* Begin PBXSourcesBuildPhase section */
		874220972E60FF9D006D9246 /* Sources */ = {
			isa = PBXSourcesBuildPhase;
			buildActionMask = 2147483647;
			files = (
				874220A32E60FF9D006D9246 /* ContentView.swift in Sources */,
				874220A42E60FF9D006D9246 /* ENVHealthApp.swift in Sources */,
			);
			runOnlyForDeploymentPostprocessing = 0;
		};
		874220A72E60FFA1006D9246 /* Sources */ = {
			isa = PBXSourcesBuildPhase;
			buildActionMask = 2147483647;
			files = (
			);
			runOnlyForDeploymentPostprocessing = 0;
		};
		874220B12E60FFA2006D9246 /* Sources */ = {
			isa = PBXSourcesBuildPhase;
			buildActionMask = 2147483647;
			files = (
			);
			runOnlyForDeploymentPostprocessing = 0;
		};
/* End PBXSourcesBuildPhase section */

/* Begin PBXTargetDependency section */
		874220AD2E60FFA1006D9246 /* PBXTargetDependency */ = {
			isa = PBXTargetDependency;
			target = 8742209A2E60FF9D006D9246 /* ENVHealth */;
			targetProxy = 874220AC2E60FFA1006D9246 /* PBXContainerItemProxy */;
		};
		874220B72E60FFA2006D9246 /* PBXTargetDependency */ = {
			isa = PBXTargetDependency;
			target = 8742209A2E60FF9D006D9246 /* ENVHealth */;
			targetProxy = 874220B62E60FFA2006D9246 /* PBXContainerItemProxy */;
		};
/* End PBXTargetDependency section */

/* Begin XCBuildConfiguration section */
		874220BD2E60FFA2006D9246 /* Debug */ = {
			isa = XCBuildConfiguration;
			buildSettings = {
				ALWAYS_SEARCH_USER_PATHS = NO;
				ASSETCATALOG_COMPILER_GENERATE_SWIFT_ASSET_SYMBOL_EXTENSIONS = YES;
				CLANG_ANALYZER_NONNULL = YES;
				CLANG_ANALYZER_NUMBER_OBJECT_CONVERSION = YES_AGGRESSIVE;
				CLANG_CXX_LANGUAGE_STANDARD = "gnu++20";
				CLANG_ENABLE_MODULES = YES;
				CLANG_ENABLE_OBJC_ARC = YES;
				CLANG_ENABLE_OBJC_WEAK = YES;
				CLANG_WARN_BLOCK_CAPTURE_AUTORELEASING = YES;
				CLANG_WARN_BOOL_CONVERSION = YES;
				CLANG_WARN_COMMA = YES;
				CLANG_WARN_CONSTANT_CONVERSION = YES;
				CLANG_WARN_DEPRECATED_OBJC_IMPLEMENTATIONS = YES;
				CLANG_WARN_DIRECT_OBJC_ISA_USAGE = YES_ERROR;
				CLANG_WARN_DOCUMENTATION_COMMENTS = YES;
				CLANG_WARN_EMPTY_BODY = YES;
				CLANG_WARN_ENUM_CONVERSION = YES;
				CLANG_WARN_INFINITE_RECURSION = YES;
				CLANG_WARN_INT_CONVERSION = YES;
				CLANG_WARN_NON_LITERAL_NULL_CONVERSION = YES;
				CLANG_WARN_OBJC_IMPLICIT_RETAIN_SELF = YES;
				CLANG_WARN_OBJC_LITERAL_CONVERSION = YES;
				CLANG_WARN_OBJC_ROOT_CLASS = YES_ERROR;
				CLANG_WARN_QUOTED_INCLUDE_IN_FRAMEWORK_HEADER = YES;
				CLANG_WARN_RANGE_LOOP_ANALYSIS = YES;
				CLANG_WARN_STRICT_PROTOTYPES = YES;
				CLANG_WARN_SUSPICIOUS_MOVE = YES;
				CLANG_WARN_UNGUARDED_AVAILABILITY = YES_AGGRESSIVE;
				CLANG_WARN_UNREACHABLE_CODE = YES;
				CLANG_WARN__DUPLICATE_METHOD_MATCH = YES;
				COPY_PHASE_STRIP = NO;
				DEBUG_INFORMATION_FORMAT = dwarf;
				DEVELOPMENT_TEAM = F2D4R85L7C;
				ENABLE_STRICT_OBJC_MSGSEND = YES;
				ENABLE_TESTABILITY = YES;
				ENABLE_USER_SCRIPT_SANDBOXING = YES;
				GCC_C_LANGUAGE_STANDARD = gnu17;
				GCC_DYNAMIC_NO_PIC = NO;
				GCC_NO_COMMON_BLOCKS = YES;
				GCC_OPTIMIZATION_LEVEL = 0;
				GCC_PREPROCESSOR_DEFINITIONS = (
					"DEBUG=1",
					"$(inherited)",
				);
				GCC_WARN_64_TO_32_BIT_CONVERSION = YES;
				GCC_WARN_ABOUT_RETURN_TYPE = YES_ERROR;
				GCC_WARN_UNDECLARED_SELECTOR = YES;
				GCC_WARN_UNINITIALIZED_AUTOS = YES_AGGRESSIVE;
				GCC_WARN_UNUSED_FUNCTION = YES;
				GCC_WARN_UNUSED_VARIABLE = YES;
				LOCALIZATION_PREFERS_STRING_CATALOGS = YES;
				MTL_ENABLE_DEBUG_INFO = INCLUDE_SOURCE;
				MTL_FAST_MATH = YES;
				ONLY_ACTIVE_ARCH = YES;
				SWIFT_ACTIVE_COMPILATION_CONDITIONS = "DEBUG $(inherited)";
				SWIFT_OPTIMIZATION_LEVEL = "-Onone";
			};
			name = Debug;
		};
		874220BE2E60FFA2006D9246 /* Release */ = {
			isa = XCBuildConfiguration;
			buildSettings = {
				ALWAYS_SEARCH_USER_PATHS = NO;
				ASSETCATALOG_COMPILER_GENERATE_SWIFT_ASSET_SYMBOL_EXTENSIONS = YES;
				CLANG_ANALYZER_NONNULL = YES;
				CLANG_ANALYZER_NUMBER_OBJECT_CONVERSION = YES_AGGRESSIVE;
				CLANG_CXX_LANGUAGE_STANDARD = "gnu++20";
				CLANG_ENABLE_MODULES = YES;
				CLANG_ENABLE_OBJC_ARC = YES;
				CLANG_ENABLE_OBJC_WEAK = YES;
				CLANG_WARN_BLOCK_CAPTURE_AUTORELEASING = YES;
				CLANG_WARN_BOOL_CONVERSION = YES;
				CLANG_WARN_COMMA = YES;
				CLANG_WARN_CONSTANT_CONVERSION = YES;
				CLANG_WARN_DEPRECATED_OBJC_IMPLEMENTATIONS = YES;
				CLANG_WARN_DIRECT_OBJC_ISA_USAGE = YES_ERROR;
				CLANG_WARN_DOCUMENTATION_COMMENTS = YES;
				CLANG_WARN_EMPTY_BODY = YES;
				CLANG_WARN_ENUM_CONVERSION = YES;
				CLANG_WARN_INFINITE_RECURSION = YES;
				CLANG_WARN_INT_CONVERSION = YES;
				CLANG_WARN_NON_LITERAL_NULL_CONVERSION = YES;
				CLANG_WARN_OBJC_IMPLICIT_RETAIN_SELF = YES;
				CLANG_WARN_OBJC_LITERAL_CONVERSION = YES;
				CLANG_WARN_OBJC_ROOT_CLASS = YES_ERROR;
				CLANG_WARN_QUOTED_INCLUDE_IN_FRAMEWORK_HEADER = YES;
				CLANG_WARN_RANGE_LOOP_ANALYSIS = YES;
				CLANG_WARN_STRICT_PROTOTYPES = YES;
				CLANG_WARN_SUSPICIOUS_MOVE = YES;
				CLANG_WARN_UNGUARDED_AVAILABILITY = YES_AGGRESSIVE;
				CLANG_WARN_UNREACHABLE_CODE = YES;
				CLANG_WARN__DUPLICATE_METHOD_MATCH = YES;
				COPY_PHASE_STRIP = NO;
				DEBUG_INFORMATION_FORMAT = "dwarf-with-dsym";
				DEVELOPMENT_TEAM = F2D4R85L7C;
				ENABLE_NS_ASSERTIONS = NO;
				ENABLE_STRICT_OBJC_MSGSEND = YES;
				ENABLE_USER_SCRIPT_SANDBOXING = YES;
				GCC_C_LANGUAGE_STANDARD = gnu17;
				GCC_NO_COMMON_BLOCKS = YES;
				GCC_WARN_64_TO_32_BIT_CONVERSION = YES;
				GCC_WARN_ABOUT_RETURN_TYPE = YES_ERROR;
				GCC_WARN_UNDECLARED_SELECTOR = YES;
				GCC_WARN_UNINITIALIZED_AUTOS = YES_AGGRESSIVE;
				GCC_WARN_UNUSED_FUNCTION = YES;
				GCC_WARN_UNUSED_VARIABLE = YES;
				LOCALIZATION_PREFERS_STRING_CATALOGS = YES;
				MTL_ENABLE_DEBUG_INFO = NO;
				MTL_FAST_MATH = YES;
				SWIFT_COMPILATION_MODE = wholemodule;
			};
			name = Release;
		};
		874220C02E60FFA2006D9246 /* Debug */ = {
			isa = XCBuildConfiguration;
			buildSettings = {
				ASSETCATALOG_COMPILER_APPICON_NAME = AppIcon;
				ASSETCATALOG_COMPILER_GLOBAL_ACCENT_COLOR_NAME = AccentColor;
				CODE_SIGN_ENTITLEMENTS = ENVHealth/ENVHealth.entitlements;
				CODE_SIGN_STYLE = Automatic;
				CURRENT_PROJECT_VERSION = 1;
				DEVELOPMENT_TEAM = F2D4R85L7C;
				ENABLE_HARDENED_RUNTIME = YES;
				ENABLE_PREVIEWS = YES;
				GENERATE_INFOPLIST_FILE = NO;
				INFOPLIST_FILE = ENVHealth/Info.plist;










				IPHONEOS_DEPLOYMENT_TARGET = 18.5;
				LD_RUNPATH_SEARCH_PATHS = "@executable_path/Frameworks";
				"LD_RUNPATH_SEARCH_PATHS[sdk=macosx*]" = "@executable_path/../Frameworks";
				MACOSX_DEPLOYMENT_TARGET = 14.0;
				MARKETING_VERSION = 1.0;
				PRODUCT_BUNDLE_IDENTIFIER = bornwild.ENVHealth;
				PRODUCT_NAME = "$(TARGET_NAME)";
				REGISTER_APP_GROUPS = YES;
				SDKROOT = auto;
				SUPPORTED_PLATFORMS = "iphoneos iphonesimulator macosx xros xrsimulator";
				SWIFT_EMIT_LOC_STRINGS = YES;
				SWIFT_VERSION = 5.0;
				TARGETED_DEVICE_FAMILY = "1,2,7";
				XROS_DEPLOYMENT_TARGET = 2.5;
			};
			name = Debug;
		};
		874220C12E60FFA2006D9246 /* Release */ = {
			isa = XCBuildConfiguration;
			buildSettings = {
				ASSETCATALOG_COMPILER_APPICON_NAME = AppIcon;
				ASSETCATALOG_COMPILER_GLOBAL_ACCENT_COLOR_NAME = AccentColor;
				CODE_SIGN_ENTITLEMENTS = ENVHealth/ENVHealth.entitlements;
				CODE_SIGN_STYLE = Automatic;
				CURRENT_PROJECT_VERSION = 1;
				DEVELOPMENT_TEAM = F2D4R85L7C;
				ENABLE_HARDENED_RUNTIME = YES;
				ENABLE_PREVIEWS = YES;
				GENERATE_INFOPLIST_FILE = NO;
				INFOPLIST_FILE = ENVHealth/Info.plist;










				IPHONEOS_DEPLOYMENT_TARGET = 18.5;
				LD_RUNPATH_SEARCH_PATHS = "@executable_path/Frameworks";
				"LD_RUNPATH_SEARCH_PATHS[sdk=macosx*]" = "@executable_path/../Frameworks";
				MACOSX_DEPLOYMENT_TARGET = 14.0;
				MARKETING_VERSION = 1.0;
				PRODUCT_BUNDLE_IDENTIFIER = bornwild.ENVHealth;
				PRODUCT_NAME = "$(TARGET_NAME)";
				REGISTER_APP_GROUPS = YES;
				SDKROOT = auto;
				SUPPORTED_PLATFORMS = "iphoneos iphonesimulator macosx xros xrsimulator";
				SWIFT_EMIT_LOC_STRINGS = YES;
				SWIFT_VERSION = 5.0;
				TARGETED_DEVICE_FAMILY = "1,2,7";
				XROS_DEPLOYMENT_TARGET = 2.5;
			};
			name = Release;
		};
		874220C32E60FFA2006D9246 /* Debug */ = {
			isa = XCBuildConfiguration;
			buildSettings = {
				BUNDLE_LOADER = "$(TEST_HOST)";
				CODE_SIGN_STYLE = Automatic;
				CURRENT_PROJECT_VERSION = 1;
				DEVELOPMENT_TEAM = F2D4R85L7C;
				GENERATE_INFOPLIST_FILE = NO;
				INFOPLIST_FILE = ENVHealth/Info.plist;
				IPHONEOS_DEPLOYMENT_TARGET = 18.5;
				MACOSX_DEPLOYMENT_TARGET = 15.5;
				MARKETING_VERSION = 1.0;
				PRODUCT_BUNDLE_IDENTIFIER = bornwild.ENVHealthTests;
				PRODUCT_NAME = "$(TARGET_NAME)";
				SDKROOT = auto;
				SUPPORTED_PLATFORMS = "iphoneos iphonesimulator macosx xros xrsimulator";
				SWIFT_EMIT_LOC_STRINGS = NO;
				SWIFT_VERSION = 5.0;
				TARGETED_DEVICE_FAMILY = "1,2,7";
				TEST_HOST = "$(BUILT_PRODUCTS_DIR)/ENVHealth.app/$(BUNDLE_EXECUTABLE_FOLDER_PATH)/ENVHealth";
				XROS_DEPLOYMENT_TARGET = 2.5;
			};
			name = Debug;
		};
		874220C42E60FFA2006D9246 /* Release */ = {
			isa = XCBuildConfiguration;
			buildSettings = {
				BUNDLE_LOADER = "$(TEST_HOST)";
				CODE_SIGN_STYLE = Automatic;
				CURRENT_PROJECT_VERSION = 1;
				DEVELOPMENT_TEAM = F2D4R85L7C;
				GENERATE_INFOPLIST_FILE = NO;
				INFOPLIST_FILE = ENVHealth/Info.plist;
				IPHONEOS_DEPLOYMENT_TARGET = 18.5;
				MACOSX_DEPLOYMENT_TARGET = 15.5;
				MARKETING_VERSION = 1.0;
				PRODUCT_BUNDLE_IDENTIFIER = bornwild.ENVHealthTests;
				PRODUCT_NAME = "$(TARGET_NAME)";
				SDKROOT = auto;
				SUPPORTED_PLATFORMS = "iphoneos iphonesimulator macosx xros xrsimulator";
				SWIFT_EMIT_LOC_STRINGS = NO;
				SWIFT_VERSION = 5.0;
				TARGETED_DEVICE_FAMILY = "1,2,7";
				TEST_HOST = "$(BUILT_PRODUCTS_DIR)/ENVHealth.app/$(BUNDLE_EXECUTABLE_FOLDER_PATH)/ENVHealth";
				XROS_DEPLOYMENT_TARGET = 2.5;
			};
			name = Release;
		};
		874220C62E60FFA2006D9246 /* Debug */ = {
			isa = XCBuildConfiguration;
			buildSettings = {
				CODE_SIGN_STYLE = Automatic;
				CURRENT_PROJECT_VERSION = 1;
				DEVELOPMENT_TEAM = F2D4R85L7C;
				GENERATE_INFOPLIST_FILE = NO;
				INFOPLIST_FILE = ENVHealth/Info.plist;
				IPHONEOS_DEPLOYMENT_TARGET = 18.5;
				MACOSX_DEPLOYMENT_TARGET = 15.5;
				MARKETING_VERSION = 1.0;
				PRODUCT_BUNDLE_IDENTIFIER = bornwild.ENVHealthUITests;
				PRODUCT_NAME = "$(TARGET_NAME)";
				SDKROOT = auto;
				SUPPORTED_PLATFORMS = "iphoneos iphonesimulator macosx xros xrsimulator";
				SWIFT_EMIT_LOC_STRINGS = NO;
				SWIFT_VERSION = 5.0;
				TARGETED_DEVICE_FAMILY = "1,2,7";
				TEST_TARGET_NAME = ENVHealth;
				XROS_DEPLOYMENT_TARGET = 2.5;
			};
			name = Debug;
		};
		874220C72E60FFA2006D9246 /* Release */ = {
			isa = XCBuildConfiguration;
			buildSettings = {
				CODE_SIGN_STYLE = Automatic;
				CURRENT_PROJECT_VERSION = 1;
				DEVELOPMENT_TEAM = F2D4R85L7C;
				GENERATE_INFOPLIST_FILE = NO;
				INFOPLIST_FILE = ENVHealth/Info.plist;
				IPHONEOS_DEPLOYMENT_TARGET = 18.5;
				MACOSX_DEPLOYMENT_TARGET = 15.5;
				MARKETING_VERSION = 1.0;
				PRODUCT_BUNDLE_IDENTIFIER = bornwild.ENVHealthUITests;
				PRODUCT_NAME = "$(TARGET_NAME)";
				SDKROOT = auto;
				SUPPORTED_PLATFORMS = "iphoneos iphonesimulator macosx xros xrsimulator";
				SWIFT_EMIT_LOC_STRINGS = NO;
				SWIFT_VERSION = 5.0;
				TARGETED_DEVICE_FAMILY = "1,2,7";
				TEST_TARGET_NAME = ENVHealth;
				XROS_DEPLOYMENT_TARGET = 2.5;
			};
			name = Release;
		};
/* End XCBuildConfiguration section */

/* Begin XCConfigurationList section */
		874220962E60FF9D006D9246 /* Build configuration list for PBXProject "ENVHealth" */ = {
			isa = XCConfigurationList;
			buildConfigurations = (
				874220BD2E60FFA2006D9246 /* Debug */,
				874220BE2E60FFA2006D9246 /* Release */,
			);
			defaultConfigurationIsVisible = 0;
			defaultConfigurationName = Release;
		};
		874220BF2E60FFA2006D9246 /* Build configuration list for PBXNativeTarget "ENVHealth" */ = {
			isa = XCConfigurationList;
			buildConfigurations = (
				874220C02E60FFA2006D9246 /* Debug */,
				874220C12E60FFA2006D9246 /* Release */,
			);
			defaultConfigurationIsVisible = 0;
			defaultConfigurationName = Release;
		};
		874220C22E60FFA2006D9246 /* Build configuration list for PBXNativeTarget "ENVHealthTests" */ = {
			isa = XCConfigurationList;
			buildConfigurations = (
				874220C32E60FFA2006D9246 /* Debug */,
				874220C42E60FFA2006D9246 /* Release */,
			);
			defaultConfigurationIsVisible = 0;
			defaultConfigurationName = Release;
		};
		874220C52E60FFA2006D9246 /* Build configuration list for PBXNativeTarget "ENVHealthUITests" */ = {
			isa = XCConfigurationList;
			buildConfigurations = (
				874220C62E60FFA2006D9246 /* Debug */,
				874220C72E60FFA2006D9246 /* Release */,
			);
			defaultConfigurationIsVisible = 0;
			defaultConfigurationName = Release;
		};
/* End XCConfigurationList section */
	};
	rootObject = 874220932E60FF9D006D9246 /* Project object */;
}
